{
  "pins" : [
    {
      "identity" : "ai",
      "kind" : "remoteSourceControl",
      "location" : "https://github.com/PreternaturalAI/AI.git",
      "state" : {
        "branch" : "main",
        "revision" : "23757240196dd2d3fb69f7635e78e904b623d68f"
      }
    },
    {
      "identity" : "chatkit",
      "kind" : "remoteSourceControl",
      "location" : "https://github.com/PreternaturalAI/ChatKit.git",
      "state" : {
        "branch" : "main",
        "revision" : "aad91247ae17937f9dea2f9f5096d55ae307f6ce"
      }
    },
    {
      "identity" : "corepersistence",
      "kind" : "remoteSourceControl",
      "location" : "https://github.com/vmanot/CorePersistence.git",
      "state" : {
        "branch" : "main",
        "revision" : "f9ec6d3b7cfabcc52098751dc2eef3a7b4fdaf2c"
      }
    },
    {
      "identity" : "engine",
      "kind" : "remoteSourceControl",
      "location" : "https://github.com/nathantannar4/Engine",
      "state" : {
        "branch" : "main",
        "revision" : "54d41dc8c29ed60cbc74113705d68168d48d50ec"
      }
    },
    {
      "identity" : "expansions",
      "kind" : "remoteSourceControl",
      "location" : "https://github.com/vmanot/Expansions.git",
      "state" : {
        "branch" : "main",
        "revision" : "e1ca541bbd3b5c327248a495905ebb168200cc83"
      }
    },
    {
      "identity" : "lite",
      "kind" : "remoteSourceControl",
      "location" : "https://github.com/PreternaturalAI/Lite.git",
      "state" : {
        "branch" : "main",
        "revision" : "a4589981d0cbd26aa027b2ae5b8fbfc80d53fca2"
      }
    },
    {
      "identity" : "media",
      "kind" : "remoteSourceControl",
      "location" : "https://github.com/vmanot/Media.git",
      "state" : {
        "branch" : "main",
        "revision" : "b6d3818a7edc206310484a3e2dbf5ec0a3f4ea25"
      }
    },
    {
      "identity" : "merge",
      "kind" : "remoteSourceControl",
      "location" : "https://github.com/vmanot/Merge.git",
      "state" : {
        "branch" : "master",
        "revision" : "bc2c3f0f73f9eeb394813be30d0719c6c6b4e168"
      }
    },
    {
      "identity" : "networkkit",
      "kind" : "remoteSourceControl",
      "location" : "https://github.com/vmanot/NetworkKit.git",
      "state" : {
        "branch" : "master",
        "revision" : "883e0770e3b566442c0123d099d9cfb87f77c4ba"
      }
    },
    {
      "identity" : "nuke",
      "kind" : "remoteSourceControl",
      "location" : "https://github.com/kean/Nuke.git",
      "state" : {
        "revision" : "15fde63470d782c897816a74bdd516a907e33147",
        "version" : "12.3.0"
      }
    },
    {
      "identity" : "swift-async-algorithms",
      "kind" : "remoteSourceControl",
      "location" : "https://github.com/apple/swift-async-algorithms",
      "state" : {
        "revision" : "da4e36f86544cdf733a40d59b3a2267e3a7bbf36",
        "version" : "1.0.0"
      }
    },
    {
      "identity" : "swift-collections",
      "kind" : "remoteSourceControl",
      "location" : "https://github.com/apple/swift-collections",
      "state" : {
        "revision" : "94cf62b3ba8d4bed62680a282d4c25f9c63c2efb",
        "version" : "1.1.0"
      }
    },
    {
      "identity" : "swift-syntax",
      "kind" : "remoteSourceControl",
      "location" : "https://github.com/apple/swift-syntax",
      "state" : {
        "revision" : "64889f0c732f210a935a0ad7cda38f77f876262d",
        "version" : "509.1.1"
      }
    },
    {
      "identity" : "swiftapi",
      "kind" : "remoteSourceControl",
      "location" : "https://github.com/vmanot/SwiftAPI.git",
      "state" : {
        "branch" : "master",
        "revision" : "75d96311925562bf698a6efa604dac54a52426cd"
      }
    },
    {
      "identity" : "swiftdb",
      "kind" : "remoteSourceControl",
      "location" : "https://github.com/vmanot/SwiftDB.git",
      "state" : {
        "branch" : "master",
        "revision" : "ae35a42f42ac9d77fd476dc0c9fa7325d2be35cc"
      }
    },
    {
      "identity" : "swiftui-introspect",
      "kind" : "remoteSourceControl",
      "location" : "https://github.com/siteline/SwiftUI-Introspect",
      "state" : {
        "revision" : "121c146fe591b1320238d054ae35c81ffa45f45a",
        "version" : "0.12.0"
      }
    },
    {
      "identity" : "swiftuix",
      "kind" : "remoteSourceControl",
      "location" : "https://github.com/SwiftUIX/SwiftUIX.git",
      "state" : {
        "branch" : "master",
        "revision" : "af51f0683c6c6f0736331355d471201a378d3c05"
      }
    },
    {
      "identity" : "swiftuiz",
      "kind" : "remoteSourceControl",
      "location" : "https://github.com/SwiftUIX/SwiftUIZ.git",
      "state" : {
        "branch" : "main",
        "revision" : "bde754d5e898c7225fb9a865fd2f30e7f75e4e81"
      }
    },
    {
      "identity" : "usearch",
      "kind" : "remoteSourceControl",
      "location" : "https://github.com/unum-cloud/usearch",
      "state" : {
        "branch" : "main",
        "revision" : "ce54b814a8a10f4c0c32fee7aad9451231b63f75"
      }
    }
  ],
  "version" : 2
}
