{
  "pins" : [
    {
      "identity" : "browserkit",
      "kind" : "remoteSourceControl",
      "location" : "https://github.com/vmanot/BrowserKit",
      "state" : {
        "branch" : "main",
        "revision" : "6e0d79976147f9a236a4f4a46e4a4691c912a6a8"
      }
    },
    {
      "identity" : "cataphyl",
      "kind" : "remoteSourceControl",
      "location" : "https://github.com/PreternaturalAI/Cataphyl",
      "state" : {
        "branch" : "main",
        "revision" : "805ae222d4f2b3f96ddbdc9cb03fbcf71af3745b"
      }
    },
    {
      "identity" : "corepersistence",
      "kind" : "remoteSourceControl",
      "location" : "https://github.com/vmanot/CorePersistence.git",
      "state" : {
        "branch" : "main",
        "revision" : "f6efaa000f624bf1ae5d8481e7936fe01bac6035"
      }
    },
    {
      "identity" : "expansions",
      "kind" : "remoteSourceControl",
      "location" : "https://github.com/vmanot/Expansions.git",
      "state" : {
        "branch" : "main",
        "revision" : "557874f0163f271e50865532dc8c3f0ac43ce023"
      }
    },
    {
      "identity" : "largelanguagemodels",
      "kind" : "remoteSourceControl",
      "location" : "https://github.com/PreternaturalAI/LargeLanguageModels.git",
      "state" : {
        "branch" : "main",
        "revision" : "bbcc540d7cfbb16c62b77a1bf458531f046d3955"
      }
    },
    {
      "identity" : "merge",
      "kind" : "remoteSourceControl",
      "location" : "https://github.com/vmanot/Merge.git",
      "state" : {
        "branch" : "master",
        "revision" : "dafac342041828e05dcf9b29adebf3e40698adf9"
      }
    },
    {
      "identity" : "networkkit",
      "kind" : "remoteSourceControl",
      "location" : "https://github.com/vmanot/NetworkKit.git",
      "state" : {
        "branch" : "master",
        "revision" : "56de612e6623ae5674cb8adb13db0d1b4117bdd8"
      }
    },
    {
      "identity" : "openai",
      "kind" : "remoteSourceControl",
      "location" : "https://github.com/vmanot/OpenAI",
      "state" : {
        "branch" : "main",
        "revision" : "50897b920305c5e1b1b99614bd4b1dd1468e7212"
      }
    },
    {
      "identity" : "swallow",
      "kind" : "remoteSourceControl",
      "location" : "https://github.com/vmanot/Swallow.git",
      "state" : {
        "branch" : "master",
        "revision" : "0eb77f9126c6f52ca4a25459e8c16aefe04e5360"
      }
    },
    {
      "identity" : "swift-async-algorithms",
      "kind" : "remoteSourceControl",
      "location" : "https://github.com/apple/swift-async-algorithms",
      "state" : {
        "revision" : "cb417003f962f9de3fc7852c1b735a1f1152a89a",
        "version" : "1.0.0-beta.1"
      }
    },
    {
      "identity" : "swift-collections",
      "kind" : "remoteSourceControl",
      "location" : "https://github.com/apple/swift-collections",
      "state" : {
        "branch" : "release/1.1",
        "revision" : "4a1d92ba85027010d2c528c05576cde9a362254b"
      }
    },
    {
      "identity" : "swift-syntax",
      "kind" : "remoteSourceControl",
      "location" : "https://github.com/apple/swift-syntax",
      "state" : {
        "revision" : "6ad4ea24b01559dde0773e3d091f1b9e36175036",
        "version" : "509.0.2"
      }
    },
    {
      "identity" : "swiftapi",
      "kind" : "remoteSourceControl",
      "location" : "https://github.com/vmanot/SwiftAPI.git",
      "state" : {
        "branch" : "master",
        "revision" : "c33533a00102a1351b0d2a7da0ecf1db98775760"
      }
    },
    {
      "identity" : "swiftsoup",
      "kind" : "remoteSourceControl",
      "location" : "https://github.com/scinfu/SwiftSoup.git",
      "state" : {
        "revision" : "0e96a20ffd37a515c5c963952d4335c89bed50a6",
        "version" : "2.6.0"
      }
    },
    {
      "identity" : "swiftuix",
      "kind" : "remoteSourceControl",
      "location" : "https://github.com/SwiftUIX/SwiftUIX.git",
      "state" : {
        "branch" : "master",
        "revision" : "35c21709eb6c01b12a2ae75a949e7860263d4db4"
      }
    },
    {
      "identity" : "usearch",
      "kind" : "remoteSourceControl",
      "location" : "https://github.com/unum-cloud/usearch",
      "state" : {
        "branch" : "main",
        "revision" : "c7e2391cb8939c2406d2d92e2fa03bb400fb525a"
      }
    }
  ],
  "version" : 2
}
